
Microsoft Visual Studio Solution File, Format Version 12.00
# Visual Studio Version 16
VisualStudioVersion = 16.0.30128.74
MinimumVisualStudioVersion = 10.0.40219.1
Project("{9A19103F-16F7-4668-BE54-9A1E7A4F7556}") = "StarWars.WebApi", "StarWars.WebApi.csproj", "{F55F9E89-54CB-498E-9AAD-0FCD84CF127A}"
EndProject
Project("{FAE04EC0-301F-11D3-BF4B-00C04F79EFBC}") = "StarWars.Test", "..\StarWarsTest\StarWars.Test.csproj", "{BB433070-0F85-450E-B1B3-605777C964BF}"
EndProject
Global
	GlobalSection(SolutionConfigurationPlatforms) = preSolution
		Debug|Any CPU = Debug|Any CPU
		Release|Any CPU = Release|Any CPU
	EndGlobalSection
	GlobalSection(ProjectConfigurationPlatforms) = postSolution
		{F55F9E89-54CB-498E-9AAD-0FCD84CF127A}.Debug|Any CPU.ActiveCfg = Debug|Any CPU
		{F55F9E89-54CB-498E-9AAD-0FCD84CF127A}.Debug|Any CPU.Build.0 = Debug|Any CPU
		{F55F9E89-54CB-498E-9AAD-0FCD84CF127A}.Release|Any CPU.ActiveCfg = Release|Any CPU
		{F55F9E89-54CB-498E-9AAD-0FCD84CF127A}.Release|Any CPU.Build.0 = Release|Any CPU
		{BB433070-0F85-450E-B1B3-605777C964BF}.Debug|Any CPU.ActiveCfg = Debug|Any CPU
		{BB433070-0F85-450E-B1B3-605777C964BF}.Debug|Any CPU.Build.0 = Debug|Any CPU
		{BB433070-0F85-450E-B1B3-605777C964BF}.Release|Any CPU.ActiveCfg = Release|Any CPU
		{BB433070-0F85-450E-B1B3-605777C964BF}.Release|Any CPU.Build.0 = Release|Any CPU
	EndGlobalSection
	GlobalSection(SolutionProperties) = preSolution
		HideSolutionNode = FALSE
	EndGlobalSection
	GlobalSection(ExtensibilityGlobals) = postSolution
		SolutionGuid = {AC3E035B-A6A5-4FD9-9B5F-1C06C9A5921B}
	EndGlobalSection
EndGlobal
